// !$*UTF8*$!
{
	archiveVersion = 1;
	classes = {
	};
	objectVersion = 46;
	objects = {

/* Begin PBXBuildFile section */
		6B41B869177F530A007A5D6E /* Foundation.framework in Frameworks */ = {isa = PBXBuildFile; fileRef = 6B41B868177F530A007A5D6E /* Foundation.framework */; };
		6B41B86B177F530A007A5D6E /* CoreGraphics.framework in Frameworks */ = {isa = PBXBuildFile; fileRef = 6B41B86A177F530A007A5D6E /* CoreGraphics.framework */; };
		6B41B86D177F530A007A5D6E /* UIKit.framework in Frameworks */ = {isa = PBXBuildFile; fileRef = 6B41B86C177F530A007A5D6E /* UIKit.framework */; };
		6B41B873177F530A007A5D6E /* InfoPlist.strings in Resources */ = {isa = PBXBuildFile; fileRef = 6B41B871177F530A007A5D6E /* InfoPlist.strings */; };
		6B41B875177F530A007A5D6E /* main.m in Sources */ = {isa = PBXBuildFile; fileRef = 6B41B874177F530A007A5D6E /* main.m */; };
		6B41B879177F530A007A5D6E /* HypnoAppDelegate.m in Sources */ = {isa = PBXBuildFile; fileRef = 6B41B878177F530A007A5D6E /* HypnoAppDelegate.m */; };
		6B41B87B177F530A007A5D6E /* Images.xcassets in Resources */ = {isa = PBXBuildFile; fileRef = 6B41B87A177F530A007A5D6E /* Images.xcassets */; };
		6B41B882177F530A007A5D6E /* XCTest.framework in Frameworks */ = {isa = PBXBuildFile; fileRef = 6B41B881177F530A007A5D6E /* XCTest.framework */; };
		6B41B883177F530A007A5D6E /* Foundation.framework in Frameworks */ = {isa = PBXBuildFile; fileRef = 6B41B868177F530A007A5D6E /* Foundation.framework */; };
		6B41B884177F530A007A5D6E /* UIKit.framework in Frameworks */ = {isa = PBXBuildFile; fileRef = 6B41B86C177F530A007A5D6E /* UIKit.framework */; };
		6B41B88C177F530A007A5D6E /* InfoPlist.strings in Resources */ = {isa = PBXBuildFile; fileRef = 6B41B88A177F530A007A5D6E /* InfoPlist.strings */; };
		6B41B88E177F530A007A5D6E /* HynoTimeTests.m in Sources */ = {isa = PBXBuildFile; fileRef = 6B41B88D177F530A007A5D6E /* HynoTimeTests.m */; };
		6B41B89B177F573B007A5D6E /* TimeViewController.m in Sources */ = {isa = PBXBuildFile; fileRef = 6B41B89A177F573B007A5D6E /* TimeViewController.m */; };
		6B41B89D177F576E007A5D6E /* TimeViewController.xib in Resources */ = {isa = PBXBuildFile; fileRef = 6B41B89C177F576E007A5D6E /* TimeViewController.xib */; };
/* End PBXBuildFile section */

/* Begin PBXContainerItemProxy section */
		6B41B885177F530A007A5D6E /* PBXContainerItemProxy */ = {
			isa = PBXContainerItemProxy;
			containerPortal = 6B41B85D177F530A007A5D6E /* Project object */;
			proxyType = 1;
			remoteGlobalIDString = 6B41B864177F530A007A5D6E;
			remoteInfo = HynoTime;
		};
/* End PBXContainerItemProxy section */

/* Begin PBXFileReference section */
		6B41B865177F530A007A5D6E /* HynoTime.app */ = {isa = PBXFileReference; explicitFileType = wrapper.application; includeInIndex = 0; path = HynoTime.app; sourceTree = BUILT_PRODUCTS_DIR; };
		6B41B868177F530A007A5D6E /* Foundation.framework */ = {isa = PBXFileReference; lastKnownFileType = wrapper.framework; name = Foundation.framework; path = System/Library/Frameworks/Foundation.framework; sourceTree = SDKROOT; };
		6B41B86A177F530A007A5D6E /* CoreGraphics.framework */ = {isa = PBXFileReference; lastKnownFileType = wrapper.framework; name = CoreGraphics.framework; path = System/Library/Frameworks/CoreGraphics.framework; sourceTree = SDKROOT; };
		6B41B86C177F530A007A5D6E /* UIKit.framework */ = {isa = PBXFileReference; lastKnownFileType = wrapper.framework; name = UIKit.framework; path = System/Library/Frameworks/UIKit.framework; sourceTree = SDKROOT; };
		6B41B870177F530A007A5D6E /* HynoTime-Info.plist */ = {isa = PBXFileReference; lastKnownFileType = text.plist.xml; path = "HynoTime-Info.plist"; sourceTree = "<group>"; };
		6B41B872177F530A007A5D6E /* en */ = {isa = PBXFileReference; lastKnownFileType = text.plist.strings; name = en; path = en.lproj/InfoPlist.strings; sourceTree = "<group>"; };
		6B41B874177F530A007A5D6E /* main.m */ = {isa = PBXFileReference; lastKnownFileType = sourcecode.c.objc; path = main.m; sourceTree = "<group>"; };
		6B41B876177F530A007A5D6E /* HynoTime-Prefix.pch */ = {isa = PBXFileReference; lastKnownFileType = sourcecode.c.h; path = "HynoTime-Prefix.pch"; sourceTree = "<group>"; };
		6B41B877177F530A007A5D6E /* HypnoAppDelegate.h */ = {isa = PBXFileReference; lastKnownFileType = sourcecode.c.h; path = HypnoAppDelegate.h; sourceTree = "<group>"; };
		6B41B878177F530A007A5D6E /* HypnoAppDelegate.m */ = {isa = PBXFileReference; lastKnownFileType = sourcecode.c.objc; path = HypnoAppDelegate.m; sourceTree = "<group>"; };
		6B41B87A177F530A007A5D6E /* Images.xcassets */ = {isa = PBXFileReference; lastKnownFileType = folder.assetcatalog; path = Images.xcassets; sourceTree = "<group>"; };
		6B41B880177F530A007A5D6E /* HynoTimeTests.xctest */ = {isa = PBXFileReference; explicitFileType = wrapper.cfbundle; includeInIndex = 0; path = HynoTimeTests.xctest; sourceTree = BUILT_PRODUCTS_DIR; };
		6B41B881177F530A007A5D6E /* XCTest.framework */ = {isa = PBXFileReference; lastKnownFileType = wrapper.framework; name = XCTest.framework; path = Library/Frameworks/XCTest.framework; sourceTree = DEVELOPER_DIR; };
		6B41B889177F530A007A5D6E /* HynoTimeTests-Info.plist */ = {isa = PBXFileReference; lastKnownFileType = text.plist.xml; path = "HynoTimeTests-Info.plist"; sourceTree = "<group>"; };
		6B41B88B177F530A007A5D6E /* en */ = {isa = PBXFileReference; lastKnownFileType = text.plist.strings; name = en; path = en.lproj/InfoPlist.strings; sourceTree = "<group>"; };
		6B41B88D177F530A007A5D6E /* HynoTimeTests.m */ = {isa = PBXFileReference; lastKnownFileType = sourcecode.c.objc; path = HynoTimeTests.m; sourceTree = "<group>"; };
		6B41B899177F573B007A5D6E /* TimeViewController.h */ = {isa = PBXFileReference; fileEncoding = 4; lastKnownFileType = sourcecode.c.h; path = TimeViewController.h; sourceTree = "<group>"; };
		6B41B89A177F573B007A5D6E /* TimeViewController.m */ = {isa = PBXFileReference; fileEncoding = 4; lastKnownFileType = sourcecode.c.objc; path = TimeViewController.m; sourceTree = "<group>"; };
		6B41B89C177F576E007A5D6E /* TimeViewController.xib */ = {isa = PBXFileReference; fileEncoding = 4; lastKnownFileType = file.xib; path = TimeViewController.xib; sourceTree = "<group>"; };
/* End PBXFileReference section */

/* Begin PBXFrameworksBuildPhase section */
		6B41B862177F530A007A5D6E /* Frameworks */ = {
			isa = PBXFrameworksBuildPhase;
			buildActionMask = 2147483647;
			files = (
				6B41B86B177F530A007A5D6E /* CoreGraphics.framework in Frameworks */,
				6B41B86D177F530A007A5D6E /* UIKit.framework in Frameworks */,
				6B41B869177F530A007A5D6E /* Foundation.framework in Frameworks */,
			);
			runOnlyForDeploymentPostprocessing = 0;
		};
		6B41B87D177F530A007A5D6E /* Frameworks */ = {
			isa = PBXFrameworksBuildPhase;
			buildActionMask = 2147483647;
			files = (
				6B41B882177F530A007A5D6E /* XCTest.framework in Frameworks */,
				6B41B884177F530A007A5D6E /* UIKit.framework in Frameworks */,
				6B41B883177F530A007A5D6E /* Foundation.framework in Frameworks */,
			);
			runOnlyForDeploymentPostprocessing = 0;
		};
/* End PBXFrameworksBuildPhase section */

/* Begin PBXGroup section */
		6B41B85C177F530A007A5D6E = {
			isa = PBXGroup;
			children = (
				6B41B86E177F530A007A5D6E /* HynoTime */,
				6B41B887177F530A007A5D6E /* HynoTimeTests */,
				6B41B867177F530A007A5D6E /* Frameworks */,
				6B41B866177F530A007A5D6E /* Products */,
			);
			sourceTree = "<group>";
		};
		6B41B866177F530A007A5D6E /* Products */ = {
			isa = PBXGroup;
			children = (
				6B41B865177F530A007A5D6E /* HynoTime.app */,
				6B41B880177F530A007A5D6E /* HynoTimeTests.xctest */,
			);
			name = Products;
			sourceTree = "<group>";
		};
		6B41B867177F530A007A5D6E /* Frameworks */ = {
			isa = PBXGroup;
			children = (
				6B41B868177F530A007A5D6E /* Foundation.framework */,
				6B41B86A177F530A007A5D6E /* CoreGraphics.framework */,
				6B41B86C177F530A007A5D6E /* UIKit.framework */,
				6B41B881177F530A007A5D6E /* XCTest.framework */,
			);
			name = Frameworks;
			sourceTree = "<group>";
		};
		6B41B86E177F530A007A5D6E /* HynoTime */ = {
			isa = PBXGroup;
			children = (
				6B41B877177F530A007A5D6E /* HypnoAppDelegate.h */,
				6B41B878177F530A007A5D6E /* HypnoAppDelegate.m */,
				6B41B89C177F576E007A5D6E /* TimeViewController.xib */,
				6B41B87A177F530A007A5D6E /* Images.xcassets */,
				6B41B86F177F530A007A5D6E /* Supporting Files */,
				6B41B899177F573B007A5D6E /* TimeViewController.h */,
				6B41B89A177F573B007A5D6E /* TimeViewController.m */,
			);
			path = HynoTime;
			sourceTree = "<group>";
		};
		6B41B86F177F530A007A5D6E /* Supporting Files */ = {
			isa = PBXGroup;
			children = (
				6B41B870177F530A007A5D6E /* HynoTime-Info.plist */,
				6B41B871177F530A007A5D6E /* InfoPlist.strings */,
				6B41B874177F530A007A5D6E /* main.m */,
				6B41B876177F530A007A5D6E /* HynoTime-Prefix.pch */,
			);
			name = "Supporting Files";
			sourceTree = "<group>";
		};
		6B41B887177F530A007A5D6E /* HynoTimeTests */ = {
			isa = PBXGroup;
			children = (
				6B41B88D177F530A007A5D6E /* HynoTimeTests.m */,
				6B41B888177F530A007A5D6E /* Supporting Files */,
			);
			path = HynoTimeTests;
			sourceTree = "<group>";
		};
		6B41B888177F530A007A5D6E /* Supporting Files */ = {
			isa = PBXGroup;
			children = (
				6B41B889177F530A007A5D6E /* HynoTimeTests-Info.plist */,
				6B41B88A177F530A007A5D6E /* InfoPlist.strings */,
			);
			name = "Supporting Files";
			sourceTree = "<group>";
		};
/* End PBXGroup section */

/* Begin PBXNativeTarget section */
		6B41B864177F530A007A5D6E /* HynoTime */ = {
			isa = PBXNativeTarget;
			buildConfigurationList = 6B41B891177F530A007A5D6E /* Build configuration list for PBXNativeTarget "HynoTime" */;
			buildPhases = (
				6B41B861177F530A007A5D6E /* Sources */,
				6B41B862177F530A007A5D6E /* Frameworks */,
				6B41B863177F530A007A5D6E /* Resources */,
			);
			buildRules = (
			);
			dependencies = (
			);
			name = HynoTime;
			productName = HynoTime;
			productReference = 6B41B865177F530A007A5D6E /* HynoTime.app */;
			productType = "com.apple.product-type.application";
		};
		6B41B87F177F530A007A5D6E /* HynoTimeTests */ = {
			isa = PBXNativeTarget;
			buildConfigurationList = 6B41B894177F530A007A5D6E /* Build configuration list for PBXNativeTarget "HynoTimeTests" */;
			buildPhases = (
				6B41B87C177F530A007A5D6E /* Sources */,
				6B41B87D177F530A007A5D6E /* Frameworks */,
				6B41B87E177F530A007A5D6E /* Resources */,
			);
			buildRules = (
			);
			dependencies = (
				6B41B886177F530A007A5D6E /* PBXTargetDependency */,
			);
			name = HynoTimeTests;
			productName = HynoTimeTests;
			productReference = 6B41B880177F530A007A5D6E /* HynoTimeTests.xctest */;
			productType = "com.apple.product-type.bundle.unit-test";
		};
/* End PBXNativeTarget section */

/* Begin PBXProject section */
		6B41B85D177F530A007A5D6E /* Project object */ = {
			isa = PBXProject;
			attributes = {
				CLASSPREFIX = Hypno;
				LastUpgradeCheck = 0500;
				ORGANIZATIONNAME = "Big Nerd Ranch";
				TargetAttributes = {
					6B41B87F177F530A007A5D6E = {
						TestTargetID = 6B41B864177F530A007A5D6E;
					};
				};
			};
			buildConfigurationList = 6B41B860177F530A007A5D6E /* Build configuration list for PBXProject "HynoTime" */;
			compatibilityVersion = "Xcode 3.2";
			developmentRegion = English;
			hasScannedForEncodings = 0;
			knownRegions = (
				en,
			);
			mainGroup = 6B41B85C177F530A007A5D6E;
			productRefGroup = 6B41B866177F530A007A5D6E /* Products */;
			projectDirPath = "";
			projectRoot = "";
			targets = (
				6B41B864177F530A007A5D6E /* HynoTime */,
				6B41B87F177F530A007A5D6E /* HynoTimeTests */,
			);
		};
/* End PBXProject section */

/* Begin PBXResourcesBuildPhase section */
		6B41B863177F530A007A5D6E /* Resources */ = {
			isa = PBXResourcesBuildPhase;
			buildActionMask = 2147483647;
			files = (
				6B41B873177F530A007A5D6E /* InfoPlist.strings in Resources */,
				6B41B89D177F576E007A5D6E /* TimeViewController.xib in Resources */,
				6B41B87B177F530A007A5D6E /* Images.xcassets in Resources */,
			);
			runOnlyForDeploymentPostprocessing = 0;
		};
		6B41B87E177F530A007A5D6E /* Resources */ = {
			isa = PBXResourcesBuildPhase;
			buildActionMask = 2147483647;
			files = (
				6B41B88C177F530A007A5D6E /* InfoPlist.strings in Resources */,
			);
			runOnlyForDeploymentPostprocessing = 0;
		};
/* End PBXResourcesBuildPhase section */

/* Begin PBXSourcesBuildPhase section */
		6B41B861177F530A007A5D6E /* Sources */ = {
			isa = PBXSourcesBuildPhase;
			buildActionMask = 2147483647;
			files = (
				6B41B875177F530A007A5D6E /* main.m in Sources */,
				6B41B879177F530A007A5D6E /* HypnoAppDelegate.m in Sources */,
				6B41B89B177F573B007A5D6E /* TimeViewController.m in Sources */,
			);
			runOnlyForDeploymentPostprocessing = 0;
		};
		6B41B87C177F530A007A5D6E /* Sources */ = {
			isa = PBXSourcesBuildPhase;
			buildActionMask = 2147483647;
			files = (
				6B41B88E177F530A007A5D6E /* HynoTimeTests.m in Sources */,
			);
			runOnlyForDeploymentPostprocessing = 0;
		};
/* End PBXSourcesBuildPhase section */

/* Begin PBXTargetDependency section */
		6B41B886177F530A007A5D6E /* PBXTargetDependency */ = {
			isa = PBXTargetDependency;
			target = 6B41B864177F530A007A5D6E /* HynoTime */;
			targetProxy = 6B41B885177F530A007A5D6E /* PBXContainerItemProxy */;
		};
/* End PBXTargetDependency section */

/* Begin PBXVariantGroup section */
		6B41B871177F530A007A5D6E /* InfoPlist.strings */ = {
			isa = PBXVariantGroup;
			children = (
				6B41B872177F530A007A5D6E /* en */,
			);
			name = InfoPlist.strings;
			sourceTree = "<group>";
		};
		6B41B88A177F530A007A5D6E /* InfoPlist.strings */ = {
			isa = PBXVariantGroup;
			children = (
				6B41B88B177F530A007A5D6E /* en */,
			);
			name = InfoPlist.strings;
			sourceTree = "<group>";
		};
/* End PBXVariantGroup section */

/* Begin XCBuildConfiguration section */
		6B41B88F177F530A007A5D6E /* Debug */ = {
			isa = XCBuildConfiguration;
			buildSettings = {
				ALWAYS_SEARCH_USER_PATHS = NO;
				CLANG_CXX_LANGUAGE_STANDARD = "gnu++0x";
				CLANG_CXX_LIBRARY = "libc++";
				CLANG_ENABLE_MODULES = YES;
				CLANG_ENABLE_OBJC_ARC = YES;
				CLANG_WARN_BOOL_CONVERSION = YES;
				CLANG_WARN_CONSTANT_CONVERSION = YES;
				CLANG_WARN_DIRECT_OBJC_ISA_USAGE = YES_ERROR;
				CLANG_WARN_EMPTY_BODY = YES;
				CLANG_WARN_ENUM_CONVERSION = YES;
				CLANG_WARN_INT_CONVERSION = YES;
				CLANG_WARN_OBJC_ROOT_CLASS = YES_ERROR;
				CLANG_WARN__DUPLICATE_METHOD_MATCH = YES;
				"CODE_SIGN_IDENTITY[sdk=iphoneos*]" = "iPhone Developer";
				COPY_PHASE_STRIP = NO;
				GCC_C_LANGUAGE_STANDARD = gnu99;
				GCC_DYNAMIC_NO_PIC = NO;
				GCC_OPTIMIZATION_LEVEL = 0;
				GCC_PREPROCESSOR_DEFINITIONS = (
					"DEBUG=1",
					"$(inherited)",
				);
				GCC_SYMBOLS_PRIVATE_EXTERN = NO;
				GCC_WARN_ABOUT_RETURN_TYPE = YES_ERROR;
				GCC_WARN_UNDECLARED_SELECTOR = YES;
				GCC_WARN_UNINITIALIZED_AUTOS = YES;
				GCC_WARN_UNUSED_FUNCTION = YES;
				GCC_WARN_UNUSED_VARIABLE = YES;
				IPHONEOS_DEPLOYMENT_TARGET = 7.0;
				ONLY_ACTIVE_ARCH = YES;
				SDKROOT = iphoneos;
			};
			name = Debug;
		};
		6B41B890177F530A007A5D6E /* Release */ = {
			isa = XCBuildConfiguration;
			buildSettings = {
				ALWAYS_SEARCH_USER_PATHS = NO;
				CLANG_CXX_LANGUAGE_STANDARD = "gnu++0x";
				CLANG_CXX_LIBRARY = "libc++";
				CLANG_ENABLE_MODULES = YES;
				CLANG_ENABLE_OBJC_ARC = YES;
				CLANG_WARN_BOOL_CONVERSION = YES;
				CLANG_WARN_CONSTANT_CONVERSION = YES;
				CLANG_WARN_DIRECT_OBJC_ISA_USAGE = YES_ERROR;
				CLANG_WARN_EMPTY_BODY = YES;
				CLANG_WARN_ENUM_CONVERSION = YES;
				CLANG_WARN_INT_CONVERSION = YES;
				CLANG_WARN_OBJC_ROOT_CLASS = YES_ERROR;
				CLANG_WARN__DUPLICATE_METHOD_MATCH = YES;
				"CODE_SIGN_IDENTITY[sdk=iphoneos*]" = "iPhone Developer";
				COPY_PHASE_STRIP = YES;
				ENABLE_NS_ASSERTIONS = NO;
				GCC_C_LANGUAGE_STANDARD = gnu99;
				GCC_WARN_ABOUT_RETURN_TYPE = YES_ERROR;
				GCC_WARN_UNDECLARED_SELECTOR = YES;
				GCC_WARN_UNINITIALIZED_AUTOS = YES;
				GCC_WARN_UNUSED_FUNCTION = YES;
				GCC_WARN_UNUSED_VARIABLE = YES;
				IPHONEOS_DEPLOYMENT_TARGET = 7.0;
				SDKROOT = iphoneos;
				VALIDATE_PRODUCT = YES;
			};
			name = Release;
		};
		6B41B892177F530A007A5D6E /* Debug */ = {
			isa = XCBuildConfiguration;
			buildSettings = {
				ASSETCATALOG_COMPILER_APPICON_NAME = AppIcon;
				ASSETCATALOG_COMPILER_LAUNCHIMAGE_NAME = LaunchImage;
				GCC_PRECOMPILE_PREFIX_HEADER = YES;
				GCC_PREFIX_HEADER = "HynoTime/HynoTime-Prefix.pch";
				INFOPLIST_FILE = "HynoTime/HynoTime-Info.plist";
				PRODUCT_NAME = "$(TARGET_NAME)";
				WRAPPER_EXTENSION = app;
			};
			name = Debug;
		};
		6B41B893177F530A007A5D6E /* Release */ = {
			isa = XCBuildConfiguration;
			buildSettings = {
				ASSETCATALOG_COMPILER_APPICON_NAME = AppIcon;
				ASSETCATALOG_COMPILER_LAUNCHIMAGE_NAME = LaunchImage;
				GCC_PRECOMPILE_PREFIX_HEADER = YES;
				GCC_PREFIX_HEADER = "HynoTime/HynoTime-Prefix.pch";
				INFOPLIST_FILE = "HynoTime/HynoTime-Info.plist";
				PRODUCT_NAME = "$(TARGET_NAME)";
				WRAPPER_EXTENSION = app;
			};
			name = Release;
		};
		6B41B895177F530A007A5D6E /* Debug */ = {
			isa = XCBuildConfiguration;
			buildSettings = {
				BUNDLE_LOADER = "$(BUILT_PRODUCTS_DIR)/HynoTime.app/HynoTime";
				FRAMEWORK_SEARCH_PATHS = (
					"$(SDKROOT)/Developer/Library/Frameworks",
					"$(inherited)",
					"$(SYSTEM_APPS_DIR)/Xcode5-DP2.app/Contents/Developer/Library/Frameworks",
				);
				GCC_PRECOMPILE_PREFIX_HEADER = YES;
				GCC_PREFIX_HEADER = "HynoTime/HynoTime-Prefix.pch";
				GCC_PREPROCESSOR_DEFINITIONS = (
					"DEBUG=1",
					"$(inherited)",
				);
				INFOPLIST_FILE = "HynoTimeTests/HynoTimeTests-Info.plist";
				PRODUCT_NAME = "$(TARGET_NAME)";
				TEST_HOST = "$(BUNDLE_LOADER)";
				WRAPPER_EXTENSION = xctest;
			};
			name = Debug;
		};
		6B41B896177F530A007A5D6E /* Release */ = {
			isa = XCBuildConfiguration;
			buildSettings = {
				BUNDLE_LOADER = "$(BUILT_PRODUCTS_DIR)/HynoTime.app/HynoTime";
				FRAMEWORK_SEARCH_PATHS = (
					"$(SDKROOT)/Developer/Library/Frameworks",
					"$(inherited)",
					"$(SYSTEM_APPS_DIR)/Xcode5-DP2.app/Contents/Developer/Library/Frameworks",
				);
				GCC_PRECOMPILE_PREFIX_HEADER = YES;
				GCC_PREFIX_HEADER = "HynoTime/HynoTime-Prefix.pch";
				INFOPLIST_FILE = "HynoTimeTests/HynoTimeTests-Info.plist";
				PRODUCT_NAME = "$(TARGET_NAME)";
				TEST_HOST = "$(BUNDLE_LOADER)";
				WRAPPER_EXTENSION = xctest;
			};
			name = Release;
		};
/* End XCBuildConfiguration section */

/* Begin XCConfigurationList section */
		6B41B860177F530A007A5D6E /* Build configuration list for PBXProject "HynoTime" */ = {
			isa = XCConfigurationList;
			buildConfigurations = (
				6B41B88F177F530A007A5D6E /* Debug */,
				6B41B890177F530A007A5D6E /* Release */,
			);
			defaultConfigurationIsVisible = 0;
			defaultConfigurationName = Release;
		};
		6B41B891177F530A007A5D6E /* Build configuration list for PBXNativeTarget "HynoTime" */ = {
			isa = XCConfigurationList;
			buildConfigurations = (
				6B41B892177F530A007A5D6E /* Debug */,
				6B41B893177F530A007A5D6E /* Release */,
			);
			defaultConfigurationIsVisible = 0;
		};
		6B41B894177F530A007A5D6E /* Build configuration list for PBXNativeTarget "HynoTimeTests" */ = {
			isa = XCConfigurationList;
			buildConfigurations = (
				6B41B895177F530A007A5D6E /* Debug */,
				6B41B896177F530A007A5D6E /* Release */,
			);
			defaultConfigurationIsVisible = 0;
		};
/* End XCConfigurationList section */
	};
	rootObject = 6B41B85D177F530A007A5D6E /* Project object */;
}
